
Microsoft Visual Studio Solution File, Format Version 12.00
# Visual Studio Version 17
VisualStudioVersion = 17.8.34525.116
MinimumVisualStudioVersion = 10.0.40219.1
Project("{FAE04EC0-301F-11D3-BF4B-00C04F79EFBC}") = "Blog.Web", "Blog.Web\Blog.Web.csproj", "{646552A2-B5FB-4CA6-875D-8C26D1E02FEF}"
EndProject
Global
	GlobalSection(SolutionConfigurationPlatforms) = preSolution
		Debug|Any CPU = Debug|Any CPU
		Release|Any CPU = Release|Any CPU
	EndGlobalSection
	GlobalSection(ProjectConfigurationPlatforms) = postSolution
		{646552A2-B5FB-4CA6-875D-8C26D1E02FEF}.Debug|Any CPU.ActiveCfg = Debug|Any CPU
		{646552A2-B5FB-4CA6-875D-8C26D1E02FEF}.Debug|Any CPU.Build.0 = Debug|Any CPU
		{646552A2-B5FB-4CA6-875D-8C26D1E02FEF}.Release|Any CPU.ActiveCfg = Release|Any CPU
		{646552A2-B5FB-4CA6-875D-8C26D1E02FEF}.Release|Any CPU.Build.0 = Release|Any CPU
	EndGlobalSection
	GlobalSection(SolutionProperties) = preSolution
		HideSolutionNode = FALSE
	EndGlobalSection
	GlobalSection(ExtensibilityGlobals) = postSolution
		SolutionGuid = {818DF46A-6BEE-4CCD-8CC3-1CC4D7BB36FF}
	EndGlobalSection
EndGlobal
